
Microsoft Visual Studio Solution File, Format Version 12.00
# Visual Studio Version 16
VisualStudioVersion = 16.0.31005.135
MinimumVisualStudioVersion = 10.0.40219.1
Project("{9A19103F-16F7-4668-BE54-9A1E7A4F7556}") = "COL.XMEN.Api", "COL.XMEN.Api\COL.XMEN.Api.csproj", "{D883E5DB-C0D4-4052-8AB7-C9CA1511FB28}"
EndProject
Project("{9A19103F-16F7-4668-BE54-9A1E7A4F7556}") = "COL.XMEN.Infraestructure", "COL.XMEN.Infraestructure\COL.XMEN.Infraestructure.csproj", "{5D447916-115B-4477-A789-25090FD049EE}"
EndProject
Project("{9A19103F-16F7-4668-BE54-9A1E7A4F7556}") = "COL.XMEN.Core", "COL.XMEN.Core\COL.XMEN.Core.csproj", "{6E9CE6CF-28F4-4BFA-9059-3E9F4EAECE4F}"
EndProject
Project("{9A19103F-16F7-4668-BE54-9A1E7A4F7556}") = "COL.XMEN.Application", "COL.XMEN.Application\COL.XMEN.Application.csproj", "{D745108C-2F83-41C8-BEBF-4873272012FF}"
EndProject
Project("{FAE04EC0-301F-11D3-BF4B-00C04F79EFBC}") = "COL.XMEN.Application.Test", "COL.XMEN.Application.Test\COL.XMEN.Application.Test.csproj", "{F5C60618-D0DC-4002-8783-75E36DB80238}"
EndProject
Global
	GlobalSection(SolutionConfigurationPlatforms) = preSolution
		Debug|Any CPU = Debug|Any CPU
		Release|Any CPU = Release|Any CPU
	EndGlobalSection
	GlobalSection(ProjectConfigurationPlatforms) = postSolution
		{D883E5DB-C0D4-4052-8AB7-C9CA1511FB28}.Debug|Any CPU.ActiveCfg = Debug|Any CPU
		{D883E5DB-C0D4-4052-8AB7-C9CA1511FB28}.Debug|Any CPU.Build.0 = Debug|Any CPU
		{D883E5DB-C0D4-4052-8AB7-C9CA1511FB28}.Release|Any CPU.ActiveCfg = Release|Any CPU
		{D883E5DB-C0D4-4052-8AB7-C9CA1511FB28}.Release|Any CPU.Build.0 = Release|Any CPU
		{5D447916-115B-4477-A789-25090FD049EE}.Debug|Any CPU.ActiveCfg = Debug|Any CPU
		{5D447916-115B-4477-A789-25090FD049EE}.Debug|Any CPU.Build.0 = Debug|Any CPU
		{5D447916-115B-4477-A789-25090FD049EE}.Release|Any CPU.ActiveCfg = Release|Any CPU
		{5D447916-115B-4477-A789-25090FD049EE}.Release|Any CPU.Build.0 = Release|Any CPU
		{6E9CE6CF-28F4-4BFA-9059-3E9F4EAECE4F}.Debug|Any CPU.ActiveCfg = Debug|Any CPU
		{6E9CE6CF-28F4-4BFA-9059-3E9F4EAECE4F}.Debug|Any CPU.Build.0 = Debug|Any CPU
		{6E9CE6CF-28F4-4BFA-9059-3E9F4EAECE4F}.Release|Any CPU.ActiveCfg = Release|Any CPU
		{6E9CE6CF-28F4-4BFA-9059-3E9F4EAECE4F}.Release|Any CPU.Build.0 = Release|Any CPU
		{D745108C-2F83-41C8-BEBF-4873272012FF}.Debug|Any CPU.ActiveCfg = Debug|Any CPU
		{D745108C-2F83-41C8-BEBF-4873272012FF}.Debug|Any CPU.Build.0 = Debug|Any CPU
		{D745108C-2F83-41C8-BEBF-4873272012FF}.Release|Any CPU.ActiveCfg = Release|Any CPU
		{D745108C-2F83-41C8-BEBF-4873272012FF}.Release|Any CPU.Build.0 = Release|Any CPU
		{F5C60618-D0DC-4002-8783-75E36DB80238}.Debug|Any CPU.ActiveCfg = Debug|Any CPU
		{F5C60618-D0DC-4002-8783-75E36DB80238}.Debug|Any CPU.Build.0 = Debug|Any CPU
		{F5C60618-D0DC-4002-8783-75E36DB80238}.Release|Any CPU.ActiveCfg = Release|Any CPU
		{F5C60618-D0DC-4002-8783-75E36DB80238}.Release|Any CPU.Build.0 = Release|Any CPU
	EndGlobalSection
	GlobalSection(SolutionProperties) = preSolution
		HideSolutionNode = FALSE
	EndGlobalSection
	GlobalSection(ExtensibilityGlobals) = postSolution
		SolutionGuid = {99B916C5-7409-4DE2-AA09-3F612AC4D7C7}
	EndGlobalSection
EndGlobal
